// !$*UTF8*$!
{
	archiveVersion = 1;
	classes = {
	};
	objectVersion = 77;
	objects = {

/* Begin PBXBuildFile section */
		15F138E22D5CA26D000DCD4E /* TemplateApp.swift in Sources */ = {isa = PBXBuildFile; fileRef = 15F138E12D5CA26D000DCD4E /* TemplateApp.swift */; };
		A87E7AF22CF48A6D007DE3F9 /* Localizable.xcstrings in Resources */ = {isa = PBXBuildFile; fileRef = A87E7AF12CF48A6D007DE3F9 /* Localizable.xcstrings */; };
		A8A82D682CDED4500028544D /* WelcomeView.swift in Sources */ = {isa = PBXBuildFile; fileRef = A8A82D672CDED44D0028544D /* WelcomeView.swift */; };
		A8A82D6A2CDED4570028544D /* SidebarView.swift in Sources */ = {isa = PBXBuildFile; fileRef = A8A82D692CDED4540028544D /* SidebarView.swift */; };
		A8A82D6D2CDED4BE0028544D /* MainView.swift in Sources */ = {isa = PBXBuildFile; fileRef = A8A82D6C2CDED4BD0028544D /* MainView.swift */; };
		A8B80B172CDEE30600042433 /* UIBridge.swift in Sources */ = {isa = PBXBuildFile; fileRef = A8B80B162CDEE01700042433 /* UIBridge.swift */; };
		A8D21C382CDC081400806857 /* Assets.xcassets in Resources */ = {isa = PBXBuildFile; fileRef = A8D21C302CDC081400806857 /* Assets.xcassets */; };
/* End PBXBuildFile section */

/* Begin PBXFileReference section */
		15F138E12D5CA26D000DCD4E /* TemplateApp.swift */ = {isa = PBXFileReference; lastKnownFileType = sourcecode.swift; path = TemplateApp.swift; sourceTree = "<group>"; };
		A87E7AF12CF48A6D007DE3F9 /* Localizable.xcstrings */ = {isa = PBXFileReference; lastKnownFileType = text.json.xcstrings; path = Localizable.xcstrings; sourceTree = "<group>"; };
		A8A82D672CDED44D0028544D /* WelcomeView.swift */ = {isa = PBXFileReference; lastKnownFileType = sourcecode.swift; path = WelcomeView.swift; sourceTree = "<group>"; };
		A8A82D692CDED4540028544D /* SidebarView.swift */ = {isa = PBXFileReference; lastKnownFileType = sourcecode.swift; path = SidebarView.swift; sourceTree = "<group>"; };
		A8A82D6C2CDED4BD0028544D /* MainView.swift */ = {isa = PBXFileReference; lastKnownFileType = sourcecode.swift; path = MainView.swift; sourceTree = "<group>"; };
		A8B80B162CDEE01700042433 /* UIBridge.swift */ = {isa = PBXFileReference; lastKnownFileType = sourcecode.swift; path = UIBridge.swift; sourceTree = "<group>"; };
		A8D21C1E2CDC07C600806857 /* Template.app */ = {isa = PBXFileReference; explicitFileType = wrapper.application; includeInIndex = 0; path = Template.app; sourceTree = BUILT_PRODUCTS_DIR; };
		A8D21C302CDC081400806857 /* Assets.xcassets */ = {isa = PBXFileReference; lastKnownFileType = folder.assetcatalog; path = Assets.xcassets; sourceTree = "<group>"; };
		A8D21C322CDC081400806857 /* Template.entitlements */ = {isa = PBXFileReference; lastKnownFileType = text.plist.entitlements; path = Template.entitlements; sourceTree = "<group>"; };
/* End PBXFileReference section */

/* Begin PBXFrameworksBuildPhase section */
		A8D21C1B2CDC07C600806857 /* Frameworks */ = {
			isa = PBXFrameworksBuildPhase;
			buildActionMask = 2147483647;
			files = (
			);
			runOnlyForDeploymentPostprocessing = 0;
		};
/* End PBXFrameworksBuildPhase section */

/* Begin PBXGroup section */
		150D7B5C2CE39EF700B4D432 /* Frameworks */ = {
			isa = PBXGroup;
			children = (
			);
			name = Frameworks;
			sourceTree = "<group>";
		};
		1579B4832CE653F1008C2572 /* Extension */ = {
			isa = PBXGroup;
			children = (
				A8B80B162CDEE01700042433 /* UIBridge.swift */,
			);
			path = Extension;
			sourceTree = "<group>";
		};
		A89150C72CDED16800F10FA3 /* macOS */ = {
			isa = PBXGroup;
			children = (
				A8D21C322CDC081400806857 /* Template.entitlements */,
			);
			path = macOS;
			sourceTree = "<group>";
		};
		A89150C82CDED17200F10FA3 /* Interface */ = {
			isa = PBXGroup;
			children = (
				A8D21C302CDC081400806857 /* Assets.xcassets */,
				A8A82D652CDED4000028544D /* Views */,
				A87E7AF12CF48A6D007DE3F9 /* Localizable.xcstrings */,
			);
			path = Interface;
			sourceTree = "<group>";
		};
		A89150C92CDED19000F10FA3 /* Application */ = {
			isa = PBXGroup;
			children = (
				15F138E12D5CA26D000DCD4E /* TemplateApp.swift */,
			);
			path = Application;
			sourceTree = "<group>";
		};
		A8A82D652CDED4000028544D /* Views */ = {
			isa = PBXGroup;
			children = (
				A8A82D662CDED4460028544D /* Application */,
			);
			path = Views;
			sourceTree = "<group>";
		};
		A8A82D662CDED4460028544D /* Application */ = {
			isa = PBXGroup;
			children = (
				A8A82D6C2CDED4BD0028544D /* MainView.swift */,
				A8A82D692CDED4540028544D /* SidebarView.swift */,
				A8A82D672CDED44D0028544D /* WelcomeView.swift */,
			);
			path = Application;
			sourceTree = "<group>";
		};
		A8D21C152CDC07C600806857 = {
			isa = PBXGroup;
			children = (
				A89150C92CDED19000F10FA3 /* Application */,
				1579B4832CE653F1008C2572 /* Extension */,
				150D7B5C2CE39EF700B4D432 /* Frameworks */,
				A89150C82CDED17200F10FA3 /* Interface */,
				A89150C72CDED16800F10FA3 /* macOS */,
				A8D21C1F2CDC07C600806857 /* Products */,
			);
			sourceTree = "<group>";
		};
		A8D21C1F2CDC07C600806857 /* Products */ = {
			isa = PBXGroup;
			children = (
				A8D21C1E2CDC07C600806857 /* Template.app */,
			);
			name = Products;
			sourceTree = "<group>";
		};
/* End PBXGroup section */

/* Begin PBXNativeTarget section */
		A8D21C1D2CDC07C600806857 /* Template */ = {
			isa = PBXNativeTarget;
			buildConfigurationList = A8D21C2D2CDC07C700806857 /* Build configuration list for PBXNativeTarget "Template" */;
			buildPhases = (
				A8D21C1A2CDC07C600806857 /* Sources */,
				A8D21C1B2CDC07C600806857 /* Frameworks */,
				A8D21C1C2CDC07C600806857 /* Resources */,
			);
			buildRules = (
			);
			dependencies = (
			);
			name = Template;
			packageProductDependencies = (
			);
			productName = Template;
			productReference = A8D21C1E2CDC07C600806857 /* Template.app */;
			productType = "com.apple.product-type.application";
		};
/* End PBXNativeTarget section */

/* Begin PBXProject section */
		A8D21C162CDC07C600806857 /* Project object */ = {
			isa = PBXProject;
			attributes = {
				BuildIndependentTargetsInParallel = 1;
				LastSwiftUpdateCheck = 1610;
				LastUpgradeCheck = 1610;
				TargetAttributes = {
					A8D21C1D2CDC07C600806857 = {
						CreatedOnToolsVersion = 16.1;
						LastSwiftMigration = 1610;
					};
				};
			};
			buildConfigurationList = A8D21C192CDC07C600806857 /* Build configuration list for PBXProject "Template" */;
			developmentRegion = en;
			hasScannedForEncodings = 0;
			knownRegions = (
				en,
				Base,
			);
			mainGroup = A8D21C152CDC07C600806857;
			minimizedProjectReferenceProxies = 1;
			packageReferences = (
			);
			preferredProjectObjectVersion = 77;
			productRefGroup = A8D21C1F2CDC07C600806857 /* Products */;
			projectDirPath = "";
			projectRoot = "";
			targets = (
				A8D21C1D2CDC07C600806857 /* Template */,
			);
		};
/* End PBXProject section */

/* Begin PBXResourcesBuildPhase section */
		A8D21C1C2CDC07C600806857 /* Resources */ = {
			isa = PBXResourcesBuildPhase;
			buildActionMask = 2147483647;
			files = (
				A87E7AF22CF48A6D007DE3F9 /* Localizable.xcstrings in Resources */,
				A8D21C382CDC081400806857 /* Assets.xcassets in Resources */,
			);
			runOnlyForDeploymentPostprocessing = 0;
		};
/* End PBXResourcesBuildPhase section */

/* Begin PBXSourcesBuildPhase section */
		A8D21C1A2CDC07C600806857 /* Sources */ = {
			isa = PBXSourcesBuildPhase;
			buildActionMask = 2147483647;
			files = (
				A8A82D6D2CDED4BE0028544D /* MainView.swift in Sources */,
				A8A82D6A2CDED4570028544D /* SidebarView.swift in Sources */,
				15F138E22D5CA26D000DCD4E /* TemplateApp.swift in Sources */,
				A8A82D682CDED4500028544D /* WelcomeView.swift in Sources */,
				A8B80B172CDEE30600042433 /* UIBridge.swift in Sources */,
			);
			runOnlyForDeploymentPostprocessing = 0;
		};
/* End PBXSourcesBuildPhase section */

/* Begin XCBuildConfiguration section */
		A8D21C2B2CDC07C700806857 /* Debug */ = {
			isa = XCBuildConfiguration;
			buildSettings = {
				ALWAYS_SEARCH_USER_PATHS = NO;
				ASSETCATALOG_COMPILER_GENERATE_SWIFT_ASSET_SYMBOL_EXTENSIONS = YES;
				CLANG_ANALYZER_NONNULL = YES;
				CLANG_ANALYZER_NUMBER_OBJECT_CONVERSION = YES_AGGRESSIVE;
				CLANG_CXX_LANGUAGE_STANDARD = "gnu++20";
				CLANG_ENABLE_MODULES = YES;
				CLANG_ENABLE_OBJC_ARC = YES;
				CLANG_ENABLE_OBJC_WEAK = YES;
				CLANG_WARN_BLOCK_CAPTURE_AUTORELEASING = YES;
				CLANG_WARN_BOOL_CONVERSION = YES;
				CLANG_WARN_COMMA = YES;
				CLANG_WARN_CONSTANT_CONVERSION = YES;
				CLANG_WARN_DEPRECATED_OBJC_IMPLEMENTATIONS = YES;
				CLANG_WARN_DIRECT_OBJC_ISA_USAGE = YES_ERROR;
				CLANG_WARN_DOCUMENTATION_COMMENTS = YES;
				CLANG_WARN_EMPTY_BODY = YES;
				CLANG_WARN_ENUM_CONVERSION = YES;
				CLANG_WARN_INFINITE_RECURSION = YES;
				CLANG_WARN_INT_CONVERSION = YES;
				CLANG_WARN_NON_LITERAL_NULL_CONVERSION = YES;
				CLANG_WARN_OBJC_IMPLICIT_RETAIN_SELF = YES;
				CLANG_WARN_OBJC_LITERAL_CONVERSION = YES;
				CLANG_WARN_OBJC_ROOT_CLASS = YES_ERROR;
				CLANG_WARN_QUOTED_INCLUDE_IN_FRAMEWORK_HEADER = YES;
				CLANG_WARN_RANGE_LOOP_ANALYSIS = YES;
				CLANG_WARN_STRICT_PROTOTYPES = YES;
				CLANG_WARN_SUSPICIOUS_MOVE = YES;
				CLANG_WARN_UNGUARDED_AVAILABILITY = YES_AGGRESSIVE;
				CLANG_WARN_UNREACHABLE_CODE = YES;
				CLANG_WARN__DUPLICATE_METHOD_MATCH = YES;
				COPY_PHASE_STRIP = NO;
				DEAD_CODE_STRIPPING = YES;
				DEBUG_INFORMATION_FORMAT = dwarf;
				ENABLE_STRICT_OBJC_MSGSEND = YES;
				ENABLE_TESTABILITY = YES;
				ENABLE_USER_SCRIPT_SANDBOXING = YES;
				GCC_C_LANGUAGE_STANDARD = gnu17;
				GCC_DYNAMIC_NO_PIC = NO;
				GCC_NO_COMMON_BLOCKS = YES;
				GCC_OPTIMIZATION_LEVEL = 0;
				GCC_PREPROCESSOR_DEFINITIONS = (
					"DEBUG=1",
					"$(inherited)",
				);
				GCC_WARN_64_TO_32_BIT_CONVERSION = YES;
				GCC_WARN_ABOUT_RETURN_TYPE = YES_ERROR;
				GCC_WARN_UNDECLARED_SELECTOR = YES;
				GCC_WARN_UNINITIALIZED_AUTOS = YES_AGGRESSIVE;
				GCC_WARN_UNUSED_FUNCTION = YES;
				GCC_WARN_UNUSED_VARIABLE = YES;
				LOCALIZATION_PREFERS_STRING_CATALOGS = YES;
				MACOSX_DEPLOYMENT_TARGET = 15.1;
				MTL_ENABLE_DEBUG_INFO = INCLUDE_SOURCE;
				MTL_FAST_MATH = YES;
				ONLY_ACTIVE_ARCH = YES;
				SDKROOT = macosx;
				SWIFT_ACTIVE_COMPILATION_CONDITIONS = "DEBUG $(inherited)";
				SWIFT_EMIT_LOC_STRINGS = YES;
				SWIFT_OPTIMIZATION_LEVEL = "-Onone";
			};
			name = Debug;
		};
		A8D21C2C2CDC07C700806857 /* Release */ = {
			isa = XCBuildConfiguration;
			buildSettings = {
				ALWAYS_SEARCH_USER_PATHS = NO;
				ASSETCATALOG_COMPILER_GENERATE_SWIFT_ASSET_SYMBOL_EXTENSIONS = YES;
				CLANG_ANALYZER_NONNULL = YES;
				CLANG_ANALYZER_NUMBER_OBJECT_CONVERSION = YES_AGGRESSIVE;
				CLANG_CXX_LANGUAGE_STANDARD = "gnu++20";
				CLANG_ENABLE_MODULES = YES;
				CLANG_ENABLE_OBJC_ARC = YES;
				CLANG_ENABLE_OBJC_WEAK = YES;
				CLANG_WARN_BLOCK_CAPTURE_AUTORELEASING = YES;
				CLANG_WARN_BOOL_CONVERSION = YES;
				CLANG_WARN_COMMA = YES;
				CLANG_WARN_CONSTANT_CONVERSION = YES;
				CLANG_WARN_DEPRECATED_OBJC_IMPLEMENTATIONS = YES;
				CLANG_WARN_DIRECT_OBJC_ISA_USAGE = YES_ERROR;
				CLANG_WARN_DOCUMENTATION_COMMENTS = YES;
				CLANG_WARN_EMPTY_BODY = YES;
				CLANG_WARN_ENUM_CONVERSION = YES;
				CLANG_WARN_INFINITE_RECURSION = YES;
				CLANG_WARN_INT_CONVERSION = YES;
				CLANG_WARN_NON_LITERAL_NULL_CONVERSION = YES;
				CLANG_WARN_OBJC_IMPLICIT_RETAIN_SELF = YES;
				CLANG_WARN_OBJC_LITERAL_CONVERSION = YES;
				CLANG_WARN_OBJC_ROOT_CLASS = YES_ERROR;
				CLANG_WARN_QUOTED_INCLUDE_IN_FRAMEWORK_HEADER = YES;
				CLANG_WARN_RANGE_LOOP_ANALYSIS = YES;
				CLANG_WARN_STRICT_PROTOTYPES = YES;
				CLANG_WARN_SUSPICIOUS_MOVE = YES;
				CLANG_WARN_UNGUARDED_AVAILABILITY = YES_AGGRESSIVE;
				CLANG_WARN_UNREACHABLE_CODE = YES;
				CLANG_WARN__DUPLICATE_METHOD_MATCH = YES;
				COPY_PHASE_STRIP = NO;
				DEAD_CODE_STRIPPING = YES;
				DEBUG_INFORMATION_FORMAT = "dwarf-with-dsym";
				ENABLE_NS_ASSERTIONS = NO;
				ENABLE_STRICT_OBJC_MSGSEND = YES;
				ENABLE_USER_SCRIPT_SANDBOXING = YES;
				GCC_C_LANGUAGE_STANDARD = gnu17;
				GCC_NO_COMMON_BLOCKS = YES;
				GCC_WARN_64_TO_32_BIT_CONVERSION = YES;
				GCC_WARN_ABOUT_RETURN_TYPE = YES_ERROR;
				GCC_WARN_UNDECLARED_SELECTOR = YES;
				GCC_WARN_UNINITIALIZED_AUTOS = YES_AGGRESSIVE;
				GCC_WARN_UNUSED_FUNCTION = YES;
				GCC_WARN_UNUSED_VARIABLE = YES;
				LOCALIZATION_PREFERS_STRING_CATALOGS = YES;
				MACOSX_DEPLOYMENT_TARGET = 15.1;
				MTL_ENABLE_DEBUG_INFO = NO;
				MTL_FAST_MATH = YES;
				SDKROOT = macosx;
				SWIFT_COMPILATION_MODE = wholemodule;
				SWIFT_EMIT_LOC_STRINGS = YES;
			};
			name = Release;
		};
		A8D21C2E2CDC07C700806857 /* Debug */ = {
			isa = XCBuildConfiguration;
			buildSettings = {
				ASSETCATALOG_COMPILER_APPICON_NAME = AppIcon;
				ASSETCATALOG_COMPILER_GLOBAL_ACCENT_COLOR_NAME = AccentColor;
				CLANG_ENABLE_MODULES = YES;
				CODE_SIGN_ENTITLEMENTS = macOS/Template.entitlements;
				CODE_SIGN_STYLE = Automatic;
				COMBINE_HIDPI_IMAGES = YES;
				CURRENT_PROJECT_VERSION = 1;
				DEAD_CODE_STRIPPING = YES;
				ENABLE_PREVIEWS = YES;
				GENERATE_INFOPLIST_FILE = YES;
				INFOPLIST_KEY_LSApplicationCategoryType = "public.app-category.utilities";
				INFOPLIST_KEY_NSHumanReadableCopyright = "";
				LD_RUNPATH_SEARCH_PATHS = (
					"$(inherited)",
					"@executable_path/../Frameworks",
				);
				MACOSX_DEPLOYMENT_TARGET = 13.0;
				MARKETING_VERSION = 1.0;
				PRODUCT_BUNDLE_IDENTIFIER = lu.alexandra.Template;
				PRODUCT_NAME = "$(TARGET_NAME)";
				SWIFT_EMIT_LOC_STRINGS = YES;
				SWIFT_OPTIMIZATION_LEVEL = "-Onone";
				SWIFT_VERSION = 6.0;
			};
			name = Debug;
		};
		A8D21C2F2CDC07C700806857 /* Release */ = {
			isa = XCBuildConfiguration;
			buildSettings = {
				ASSETCATALOG_COMPILER_APPICON_NAME = AppIcon;
				ASSETCATALOG_COMPILER_GLOBAL_ACCENT_COLOR_NAME = AccentColor;
				CLANG_ENABLE_MODULES = YES;
				CODE_SIGN_ENTITLEMENTS = macOS/Template.entitlements;
				CODE_SIGN_STYLE = Automatic;
				COMBINE_HIDPI_IMAGES = YES;
				CURRENT_PROJECT_VERSION = 1;
				DEAD_CODE_STRIPPING = YES;
				ENABLE_PREVIEWS = YES;
				GENERATE_INFOPLIST_FILE = YES;
				INFOPLIST_KEY_LSApplicationCategoryType = "public.app-category.utilities";
				INFOPLIST_KEY_NSHumanReadableCopyright = "";
				LD_RUNPATH_SEARCH_PATHS = (
					"$(inherited)",
					"@executable_path/../Frameworks",
				);
				MACOSX_DEPLOYMENT_TARGET = 13.0;
				MARKETING_VERSION = 1.0;
				PRODUCT_BUNDLE_IDENTIFIER = lu.alexandra.Template;
				PRODUCT_NAME = "$(TARGET_NAME)";
				SWIFT_EMIT_LOC_STRINGS = YES;
				SWIFT_VERSION = 6.0;
			};
			name = Release;
		};
/* End XCBuildConfiguration section */

/* Begin XCConfigurationList section */
		A8D21C192CDC07C600806857 /* Build configuration list for PBXProject "Template" */ = {
			isa = XCConfigurationList;
			buildConfigurations = (
				A8D21C2B2CDC07C700806857 /* Debug */,
				A8D21C2C2CDC07C700806857 /* Release */,
			);
			defaultConfigurationIsVisible = 0;
			defaultConfigurationName = Release;
		};
		A8D21C2D2CDC07C700806857 /* Build configuration list for PBXNativeTarget "Template" */ = {
			isa = XCConfigurationList;
			buildConfigurations = (
				A8D21C2E2CDC07C700806857 /* Debug */,
				A8D21C2F2CDC07C700806857 /* Release */,
			);
			defaultConfigurationIsVisible = 0;
			defaultConfigurationName = Release;
		};
/* End XCConfigurationList section */
	};
	rootObject = A8D21C162CDC07C600806857 /* Project object */;
}
